
Microsoft Visual Studio Solution File, Format Version 12.00
# Visual Studio 15
VisualStudioVersion = 15.0.27428.2015
MinimumVisualStudioVersion = 10.0.40219.1
Project("{FAE04EC0-301F-11D3-BF4B-00C04F79EFBC}") = "Conditionals_Basic", "Conditionals_Basic\Conditionals_Basic.csproj", "{43AA2A28-A6F3-40C3-83D1-845EC8350545}"
EndProject
Global
	GlobalSection(SolutionConfigurationPlatforms) = preSolution
		Debug|Any CPU = Debug|Any CPU
		Release|Any CPU = Release|Any CPU
	EndGlobalSection
	GlobalSection(ProjectConfigurationPlatforms) = postSolution
		{43AA2A28-A6F3-40C3-83D1-845EC8350545}.Debug|Any CPU.ActiveCfg = Debug|Any CPU
		{43AA2A28-A6F3-40C3-83D1-845EC8350545}.Debug|Any CPU.Build.0 = Debug|Any CPU
		{43AA2A28-A6F3-40C3-83D1-845EC8350545}.Release|Any CPU.ActiveCfg = Release|Any CPU
		{43AA2A28-A6F3-40C3-83D1-845EC8350545}.Release|Any CPU.Build.0 = Release|Any CPU
	EndGlobalSection
	GlobalSection(SolutionProperties) = preSolution
		HideSolutionNode = FALSE
	EndGlobalSection
	GlobalSection(ExtensibilityGlobals) = postSolution
		SolutionGuid = {4822345F-85B5-4E1D-8D56-12BE19EFB7E1}
	EndGlobalSection
EndGlobal
